
Microsoft Visual Studio Solution File, Format Version 12.00
# Visual Studio Version 17
VisualStudioVersion = 17.9.34622.214
MinimumVisualStudioVersion = 10.0.40219.1
Project("{8BC9CEB8-8B4A-11D0-8D11-00A0C91BC942}") = "Contact", "Contact\Contact.vcxproj", "{D71FA3A7-8A3D-4790-BC28-AF2B73103BAF}"
EndProject
Global
	GlobalSection(SolutionConfigurationPlatforms) = preSolution
		Debug|x64 = Debug|x64
		Debug|x86 = Debug|x86
		Release|x64 = Release|x64
		Release|x86 = Release|x86
	EndGlobalSection
	GlobalSection(ProjectConfigurationPlatforms) = postSolution
		{D71FA3A7-8A3D-4790-BC28-AF2B73103BAF}.Debug|x64.ActiveCfg = Debug|x64
		{D71FA3A7-8A3D-4790-BC28-AF2B73103BAF}.Debug|x64.Build.0 = Debug|x64
		{D71FA3A7-8A3D-4790-BC28-AF2B73103BAF}.Debug|x86.ActiveCfg = Debug|Win32
		{D71FA3A7-8A3D-4790-BC28-AF2B73103BAF}.Debug|x86.Build.0 = Debug|Win32
		{D71FA3A7-8A3D-4790-BC28-AF2B73103BAF}.Release|x64.ActiveCfg = Release|x64
		{D71FA3A7-8A3D-4790-BC28-AF2B73103BAF}.Release|x64.Build.0 = Release|x64
		{D71FA3A7-8A3D-4790-BC28-AF2B73103BAF}.Release|x86.ActiveCfg = Release|Win32
		{D71FA3A7-8A3D-4790-BC28-AF2B73103BAF}.Release|x86.Build.0 = Release|Win32
	EndGlobalSection
	GlobalSection(SolutionProperties) = preSolution
		HideSolutionNode = FALSE
	EndGlobalSection
	GlobalSection(ExtensibilityGlobals) = postSolution
		SolutionGuid = {14E88D1A-8A0C-447D-A566-8303921C28E2}
	EndGlobalSection
EndGlobal
